
Microsoft Visual Studio Solution File, Format Version 12.00
# Visual Studio Version 17
VisualStudioVersion = 17.0.32112.339
MinimumVisualStudioVersion = 10.0.40219.1
Project("{9A19103F-16F7-4668-BE54-9A1E7A4F7556}") = "MyBlazorApp.Server", "MyBlazorApp\Server\MyBlazorApp.Server.csproj", "{3ADF622D-AA7C-4137-A3FE-61EB2CC6A8B8}"
EndProject
Project("{9A19103F-16F7-4668-BE54-9A1E7A4F7556}") = "MyBlazorApp.Client", "MyBlazorApp\Client\MyBlazorApp.Client.csproj", "{C2D55F74-B12B-4F9E-9B49-619EB2341524}"
EndProject
Project("{9A19103F-16F7-4668-BE54-9A1E7A4F7556}") = "MyBlazorApp.Shared", "MyBlazorApp\Shared\MyBlazorApp.Shared.csproj", "{8E97C21C-711C-44E5-8BB1-F7A792EDE872}"
EndProject
Global
	GlobalSection(SolutionConfigurationPlatforms) = preSolution
		Debug|Any CPU = Debug|Any CPU
		Release|Any CPU = Release|Any CPU
	EndGlobalSection
	GlobalSection(ProjectConfigurationPlatforms) = postSolution
		{3ADF622D-AA7C-4137-A3FE-61EB2CC6A8B8}.Debug|Any CPU.ActiveCfg = Debug|Any CPU
		{3ADF622D-AA7C-4137-A3FE-61EB2CC6A8B8}.Debug|Any CPU.Build.0 = Debug|Any CPU
		{3ADF622D-AA7C-4137-A3FE-61EB2CC6A8B8}.Release|Any CPU.ActiveCfg = Release|Any CPU
		{3ADF622D-AA7C-4137-A3FE-61EB2CC6A8B8}.Release|Any CPU.Build.0 = Release|Any CPU
		{C2D55F74-B12B-4F9E-9B49-619EB2341524}.Debug|Any CPU.ActiveCfg = Debug|Any CPU
		{C2D55F74-B12B-4F9E-9B49-619EB2341524}.Debug|Any CPU.Build.0 = Debug|Any CPU
		{C2D55F74-B12B-4F9E-9B49-619EB2341524}.Release|Any CPU.ActiveCfg = Release|Any CPU
		{C2D55F74-B12B-4F9E-9B49-619EB2341524}.Release|Any CPU.Build.0 = Release|Any CPU
		{8E97C21C-711C-44E5-8BB1-F7A792EDE872}.Debug|Any CPU.ActiveCfg = Debug|Any CPU
		{8E97C21C-711C-44E5-8BB1-F7A792EDE872}.Debug|Any CPU.Build.0 = Debug|Any CPU
		{8E97C21C-711C-44E5-8BB1-F7A792EDE872}.Release|Any CPU.ActiveCfg = Release|Any CPU
		{8E97C21C-711C-44E5-8BB1-F7A792EDE872}.Release|Any CPU.Build.0 = Release|Any CPU
	EndGlobalSection
	GlobalSection(SolutionProperties) = preSolution
		HideSolutionNode = FALSE
	EndGlobalSection
	GlobalSection(ExtensibilityGlobals) = postSolution
		SolutionGuid = {D4E601E8-DCDD-42BD-8583-134088A1DAF0}
	EndGlobalSection
EndGlobal
